
Microsoft Visual Studio Solution File, Format Version 12.00
# Visual Studio Version 17
VisualStudioVersion = 17.12.35527.113 d17.12
MinimumVisualStudioVersion = 10.0.40219.1
Project("{FAE04EC0-301F-11D3-BF4B-00C04F79EFBC}") = "CarStore.Web", "CarStore.Web\CarStore.Web.csproj", "{F8CE6EF5-7CBD-4331-B22C-C2340DA50B65}"
EndProject
Project("{FAE04EC0-301F-11D3-BF4B-00C04F79EFBC}") = "CarStore.Data", "CarStore.Data\CarStore.Data.csproj", "{043D3E14-7475-4A3B-A7D4-0E88546D5310}"
EndProject
Global
	GlobalSection(SolutionConfigurationPlatforms) = preSolution
		Debug|Any CPU = Debug|Any CPU
		Release|Any CPU = Release|Any CPU
	EndGlobalSection
	GlobalSection(ProjectConfigurationPlatforms) = postSolution
		{F8CE6EF5-7CBD-4331-B22C-C2340DA50B65}.Debug|Any CPU.ActiveCfg = Debug|Any CPU
		{F8CE6EF5-7CBD-4331-B22C-C2340DA50B65}.Debug|Any CPU.Build.0 = Debug|Any CPU
		{F8CE6EF5-7CBD-4331-B22C-C2340DA50B65}.Release|Any CPU.ActiveCfg = Release|Any CPU
		{F8CE6EF5-7CBD-4331-B22C-C2340DA50B65}.Release|Any CPU.Build.0 = Release|Any CPU
		{043D3E14-7475-4A3B-A7D4-0E88546D5310}.Debug|Any CPU.ActiveCfg = Debug|Any CPU
		{043D3E14-7475-4A3B-A7D4-0E88546D5310}.Debug|Any CPU.Build.0 = Debug|Any CPU
		{043D3E14-7475-4A3B-A7D4-0E88546D5310}.Release|Any CPU.ActiveCfg = Release|Any CPU
		{043D3E14-7475-4A3B-A7D4-0E88546D5310}.Release|Any CPU.Build.0 = Release|Any CPU
	EndGlobalSection
	GlobalSection(SolutionProperties) = preSolution
		HideSolutionNode = FALSE
	EndGlobalSection
EndGlobal
